
Microsoft Visual Studio Solution File, Format Version 10.00
# Visual Studio 2008
Project("{FAE04EC0-301F-11D3-BF4B-00C04F79EFBC}") = "MonoRailProject", "src\app\MonoRailProject\MonoRailProject.csproj", "{2B36CED5-6644-4AE6-AD08-711691B9B479}"
EndProject
Project("{FAE04EC0-301F-11D3-BF4B-00C04F79EFBC}") = "Models", "src\app\TestsActiveRecord\Models.csproj", "{EA7B997A-4922-4BE0-879F-E7B12E4CB1A9}"
EndProject
Project("{FAE04EC0-301F-11D3-BF4B-00C04F79EFBC}") = "MonoRailProject.Tests", "src\test\unit\MonoRailProject.Tests\MonoRailProject.Tests.csproj", "{CD2645FD-FC99-46E4-9BCE-BDC99F3D5900}"
EndProject
Project("{FAE04EC0-301F-11D3-BF4B-00C04F79EFBC}") = "Models.Tests", "src\test\unit\TestsActiveRecord.Tests\Models.Tests.csproj", "{92177D40-1E09-4782-B606-471061CEC062}"
EndProject
Project("{2150E333-8FDC-42A3-9474-1A3956D46DE8}") = "lib", "lib", "{9ED67EDD-75F1-4353-B1D3-1574106521C7}"
EndProject
Project("{2150E333-8FDC-42A3-9474-1A3956D46DE8}") = "castle", "castle", "{D47B0382-1FD7-42B2-9AFA-5A33106321D4}"
	ProjectSection(SolutionItems) = preProject
		lib\castle\Castle.ActiveRecord.dll = lib\castle\Castle.ActiveRecord.dll
		lib\castle\Castle.Components.Binder.dll = lib\castle\Castle.Components.Binder.dll
		lib\castle\Castle.Components.Common.EmailSender.dll = lib\castle\Castle.Components.Common.EmailSender.dll
		lib\castle\Castle.Components.Common.TemplateEngine.dll = lib\castle\Castle.Components.Common.TemplateEngine.dll
		lib\castle\Castle.Components.Common.TemplateEngine.NVelocityTemplateEngine.dll = lib\castle\Castle.Components.Common.TemplateEngine.NVelocityTemplateEngine.dll
		lib\castle\Castle.Components.DictionaryAdapter.dll = lib\castle\Castle.Components.DictionaryAdapter.dll
		lib\castle\Castle.Components.Validator.dll = lib\castle\Castle.Components.Validator.dll
		lib\castle\Castle.Core.dll = lib\castle\Castle.Core.dll
		lib\castle\Castle.DynamicProxy.dll = lib\castle\Castle.DynamicProxy.dll
		lib\castle\Castle.DynamicProxy2.dll = lib\castle\Castle.DynamicProxy2.dll
		lib\castle\Castle.Facilities.ActiveRecordIntegration.dll = lib\castle\Castle.Facilities.ActiveRecordIntegration.dll
		lib\castle\Castle.Facilities.AutomaticTransactionManagement.dll = lib\castle\Castle.Facilities.AutomaticTransactionManagement.dll
		lib\castle\Castle.Facilities.BatchRegistration.dll = lib\castle\Castle.Facilities.BatchRegistration.dll
		lib\castle\Castle.Facilities.Logging.dll = lib\castle\Castle.Facilities.Logging.dll
		lib\castle\Castle.Facilities.NHibernateIntegration.dll = lib\castle\Castle.Facilities.NHibernateIntegration.dll
		lib\castle\Castle.MicroKernel.dll = lib\castle\Castle.MicroKernel.dll
		lib\castle\Castle.MonoRail.ActiveRecordScaffold.dll = lib\castle\Castle.MonoRail.ActiveRecordScaffold.dll
		lib\castle\Castle.MonoRail.ActiveRecordSupport.dll = lib\castle\Castle.MonoRail.ActiveRecordSupport.dll
		lib\castle\Castle.MonoRail.Framework.dll = lib\castle\Castle.MonoRail.Framework.dll
		lib\castle\Castle.MonoRail.Framework.Views.NVelocity.dll = lib\castle\Castle.MonoRail.Framework.Views.NVelocity.dll
		lib\castle\Castle.MonoRail.JSONSupport.dll = lib\castle\Castle.MonoRail.JSONSupport.dll
		lib\castle\Castle.MonoRail.TestSupport.dll = lib\castle\Castle.MonoRail.TestSupport.dll
		lib\castle\Castle.MonoRail.TransformFilters.dll = lib\castle\Castle.MonoRail.TransformFilters.dll
		lib\castle\Castle.MonoRail.Views.Brail.dll = lib\castle\Castle.MonoRail.Views.Brail.dll
		lib\castle\Castle.MonoRail.WindsorExtension.dll = lib\castle\Castle.MonoRail.WindsorExtension.dll
		lib\castle\Castle.Services.Logging.Log4netIntegration.dll = lib\castle\Castle.Services.Logging.Log4netIntegration.dll
		lib\castle\Castle.Services.Logging.NLogIntegration.dll = lib\castle\Castle.Services.Logging.NLogIntegration.dll
		lib\castle\Castle.Services.Transaction.dll = lib\castle\Castle.Services.Transaction.dll
		lib\castle\Castle.Windsor.dll = lib\castle\Castle.Windsor.dll
		lib\castle\NVelocity.dll = lib\castle\NVelocity.dll
	EndProjectSection
EndProject
Project("{2150E333-8FDC-42A3-9474-1A3956D46DE8}") = "nunit", "nunit", "{1B5F33F8-64DE-483B-96DF-94533724BEED}"
	ProjectSection(SolutionItems) = preProject
		lib\NUnit\nunit.framework.dll = lib\NUnit\nunit.framework.dll
	EndProjectSection
EndProject
Project("{2150E333-8FDC-42A3-9474-1A3956D46DE8}") = "rhinomocks", "rhinomocks", "{63F97DAC-9011-4F4C-96FC-4CEAAD981FE7}"
	ProjectSection(SolutionItems) = preProject
		lib\RhinoMocks\Rhino.Mocks.dll = lib\RhinoMocks\Rhino.Mocks.dll
	EndProjectSection
EndProject
Project("{2150E333-8FDC-42A3-9474-1A3956D46DE8}") = "nhibernate", "nhibernate", "{17BF29C7-5565-4458-9444-DAD766F29741}"
	ProjectSection(SolutionItems) = preProject
		lib\NHibernate\Iesi.Collections.dll = lib\NHibernate\Iesi.Collections.dll
		lib\NHibernate\log4net.dll = lib\NHibernate\log4net.dll
		lib\NHibernate\NHibernate.dll = lib\NHibernate\NHibernate.dll
		lib\NHibernate\Nullables.dll = lib\NHibernate\Nullables.dll
		lib\NHibernate\Nullables.NHibernate.dll = lib\NHibernate\Nullables.NHibernate.dll
	EndProjectSection
EndProject
Global
	GlobalSection(SolutionConfigurationPlatforms) = preSolution
		Debug|Any CPU = Debug|Any CPU
		Release|Any CPU = Release|Any CPU
	EndGlobalSection
	GlobalSection(ProjectConfigurationPlatforms) = postSolution
		{2B36CED5-6644-4AE6-AD08-711691B9B479}.Debug|Any CPU.ActiveCfg = Debug|Any CPU
		{2B36CED5-6644-4AE6-AD08-711691B9B479}.Debug|Any CPU.Build.0 = Debug|Any CPU
		{2B36CED5-6644-4AE6-AD08-711691B9B479}.Release|Any CPU.ActiveCfg = Release|Any CPU
		{2B36CED5-6644-4AE6-AD08-711691B9B479}.Release|Any CPU.Build.0 = Release|Any CPU
		{EA7B997A-4922-4BE0-879F-E7B12E4CB1A9}.Debug|Any CPU.ActiveCfg = Debug|Any CPU
		{EA7B997A-4922-4BE0-879F-E7B12E4CB1A9}.Debug|Any CPU.Build.0 = Debug|Any CPU
		{EA7B997A-4922-4BE0-879F-E7B12E4CB1A9}.Release|Any CPU.ActiveCfg = Release|Any CPU
		{EA7B997A-4922-4BE0-879F-E7B12E4CB1A9}.Release|Any CPU.Build.0 = Release|Any CPU
		{CD2645FD-FC99-46E4-9BCE-BDC99F3D5900}.Debug|Any CPU.ActiveCfg = Debug|Any CPU
		{CD2645FD-FC99-46E4-9BCE-BDC99F3D5900}.Debug|Any CPU.Build.0 = Debug|Any CPU
		{CD2645FD-FC99-46E4-9BCE-BDC99F3D5900}.Release|Any CPU.ActiveCfg = Release|Any CPU
		{CD2645FD-FC99-46E4-9BCE-BDC99F3D5900}.Release|Any CPU.Build.0 = Release|Any CPU
		{92177D40-1E09-4782-B606-471061CEC062}.Debug|Any CPU.ActiveCfg = Debug|Any CPU
		{92177D40-1E09-4782-B606-471061CEC062}.Debug|Any CPU.Build.0 = Debug|Any CPU
		{92177D40-1E09-4782-B606-471061CEC062}.Release|Any CPU.ActiveCfg = Release|Any CPU
		{92177D40-1E09-4782-B606-471061CEC062}.Release|Any CPU.Build.0 = Release|Any CPU
	EndGlobalSection
	GlobalSection(SolutionProperties) = preSolution
		HideSolutionNode = FALSE
	EndGlobalSection
	GlobalSection(NestedProjects) = preSolution
		{D47B0382-1FD7-42B2-9AFA-5A33106321D4} = {9ED67EDD-75F1-4353-B1D3-1574106521C7}
		{1B5F33F8-64DE-483B-96DF-94533724BEED} = {9ED67EDD-75F1-4353-B1D3-1574106521C7}
		{63F97DAC-9011-4F4C-96FC-4CEAAD981FE7} = {9ED67EDD-75F1-4353-B1D3-1574106521C7}
		{17BF29C7-5565-4458-9444-DAD766F29741} = {9ED67EDD-75F1-4353-B1D3-1574106521C7}
	EndGlobalSection
EndGlobal
